
Microsoft Visual Studio Solution File, Format Version 12.00
# Visual Studio 15
VisualStudioVersion = 15.0.34930.48
MinimumVisualStudioVersion = 10.0.40219.1
Project("{262852C6-CD72-467D-83FE-5EEB1973A190}") = "AppMovil1", "AppMovil1\AppMovil1.jsproj", "{EB27E0E1-D152-4AA4-A68C-E83ABD6A3CBA}"
EndProject
Global
	GlobalSection(SolutionConfigurationPlatforms) = preSolution
		Debug|Android = Debug|Android
		Debug|iOS = Debug|iOS
		Debug|Windows-ARM = Debug|Windows-ARM
		Debug|Windows-x64 = Debug|Windows-x64
		Debug|Windows-x86 = Debug|Windows-x86
		Release|Android = Release|Android
		Release|iOS = Release|iOS
		Release|Windows-ARM = Release|Windows-ARM
		Release|Windows-x64 = Release|Windows-x64
		Release|Windows-x86 = Release|Windows-x86
	EndGlobalSection
	GlobalSection(ProjectConfigurationPlatforms) = postSolution
		{EB27E0E1-D152-4AA4-A68C-E83ABD6A3CBA}.Debug|Android.ActiveCfg = Debug|Android
		{EB27E0E1-D152-4AA4-A68C-E83ABD6A3CBA}.Debug|Android.Build.0 = Debug|Android
		{EB27E0E1-D152-4AA4-A68C-E83ABD6A3CBA}.Debug|Android.Deploy.0 = Debug|Android
		{EB27E0E1-D152-4AA4-A68C-E83ABD6A3CBA}.Debug|iOS.ActiveCfg = Debug|iOS
		{EB27E0E1-D152-4AA4-A68C-E83ABD6A3CBA}.Debug|iOS.Build.0 = Debug|iOS
		{EB27E0E1-D152-4AA4-A68C-E83ABD6A3CBA}.Debug|iOS.Deploy.0 = Debug|iOS
		{EB27E0E1-D152-4AA4-A68C-E83ABD6A3CBA}.Debug|Windows-ARM.ActiveCfg = Debug|Windows-ARM
		{EB27E0E1-D152-4AA4-A68C-E83ABD6A3CBA}.Debug|Windows-ARM.Build.0 = Debug|Windows-ARM
		{EB27E0E1-D152-4AA4-A68C-E83ABD6A3CBA}.Debug|Windows-ARM.Deploy.0 = Debug|Windows-ARM
		{EB27E0E1-D152-4AA4-A68C-E83ABD6A3CBA}.Debug|Windows-x64.ActiveCfg = Debug|Windows-x64
		{EB27E0E1-D152-4AA4-A68C-E83ABD6A3CBA}.Debug|Windows-x64.Build.0 = Debug|Windows-x64
		{EB27E0E1-D152-4AA4-A68C-E83ABD6A3CBA}.Debug|Windows-x64.Deploy.0 = Debug|Windows-x64
		{EB27E0E1-D152-4AA4-A68C-E83ABD6A3CBA}.Debug|Windows-x86.ActiveCfg = Debug|Windows-x86
		{EB27E0E1-D152-4AA4-A68C-E83ABD6A3CBA}.Debug|Windows-x86.Build.0 = Debug|Windows-x86
		{EB27E0E1-D152-4AA4-A68C-E83ABD6A3CBA}.Debug|Windows-x86.Deploy.0 = Debug|Windows-x86
		{EB27E0E1-D152-4AA4-A68C-E83ABD6A3CBA}.Release|Android.ActiveCfg = Release|Android
		{EB27E0E1-D152-4AA4-A68C-E83ABD6A3CBA}.Release|Android.Build.0 = Release|Android
		{EB27E0E1-D152-4AA4-A68C-E83ABD6A3CBA}.Release|Android.Deploy.0 = Release|Android
		{EB27E0E1-D152-4AA4-A68C-E83ABD6A3CBA}.Release|iOS.ActiveCfg = Release|iOS
		{EB27E0E1-D152-4AA4-A68C-E83ABD6A3CBA}.Release|iOS.Build.0 = Release|iOS
		{EB27E0E1-D152-4AA4-A68C-E83ABD6A3CBA}.Release|iOS.Deploy.0 = Release|iOS
		{EB27E0E1-D152-4AA4-A68C-E83ABD6A3CBA}.Release|Windows-ARM.ActiveCfg = Release|Windows-ARM
		{EB27E0E1-D152-4AA4-A68C-E83ABD6A3CBA}.Release|Windows-ARM.Build.0 = Release|Windows-ARM
		{EB27E0E1-D152-4AA4-A68C-E83ABD6A3CBA}.Release|Windows-ARM.Deploy.0 = Release|Windows-ARM
		{EB27E0E1-D152-4AA4-A68C-E83ABD6A3CBA}.Release|Windows-x64.ActiveCfg = Release|Windows-x64
		{EB27E0E1-D152-4AA4-A68C-E83ABD6A3CBA}.Release|Windows-x64.Build.0 = Release|Windows-x64
		{EB27E0E1-D152-4AA4-A68C-E83ABD6A3CBA}.Release|Windows-x64.Deploy.0 = Release|Windows-x64
		{EB27E0E1-D152-4AA4-A68C-E83ABD6A3CBA}.Release|Windows-x86.ActiveCfg = Release|Windows-x86
		{EB27E0E1-D152-4AA4-A68C-E83ABD6A3CBA}.Release|Windows-x86.Build.0 = Release|Windows-x86
		{EB27E0E1-D152-4AA4-A68C-E83ABD6A3CBA}.Release|Windows-x86.Deploy.0 = Release|Windows-x86
	EndGlobalSection
	GlobalSection(SolutionProperties) = preSolution
		HideSolutionNode = FALSE
	EndGlobalSection
	GlobalSection(ExtensibilityGlobals) = postSolution
		SolutionGuid = {FF2CE3DC-A21B-432B-8E2B-2A9C8524B135}
	EndGlobalSection
EndGlobal
